
Microsoft Visual Studio Solution File, Format Version 12.00
# Visual Studio 15
VisualStudioVersion = 15.0.27130.2020
MinimumVisualStudioVersion = 10.0.40219.1
Project("{9A19103F-16F7-4668-BE54-9A1E7A4F7556}") = "ComicReaderApp.Core", "ComicReaderApp.Core\ComicReaderApp.Core.csproj", "{E42F8D4A-7772-4F28-B453-CAEFED984C57}"
EndProject
Project("{FAE04EC0-301F-11D3-BF4B-00C04F79EFBC}") = "ComicReaderApp.Android", "ComicReaderApp\ComicReaderApp.Android\ComicReaderApp.Android.csproj", "{D162FF6C-9CAC-4ECD-A788-8C7F0E9E0DBD}"
EndProject
Project("{FAE04EC0-301F-11D3-BF4B-00C04F79EFBC}") = "ComicReaderApp.iOS", "ComicReaderApp\ComicReaderApp.iOS\ComicReaderApp.iOS.csproj", "{EA601209-5F3C-4E8B-825C-56E3D04E194A}"
EndProject
Project("{FAE04EC0-301F-11D3-BF4B-00C04F79EFBC}") = "ComicReaderApp.UWP", "ComicReaderApp\ComicReaderApp.UWP\ComicReaderApp.UWP.csproj", "{44448A47-75A3-4533-881D-617428160424}"
EndProject
Project("{FAE04EC0-301F-11D3-BF4B-00C04F79EFBC}") = "ComicReaderApp", "ComicReaderApp\ComicReaderApp\ComicReaderApp.csproj", "{3987521D-B30B-4507-AE36-94316511F3DC}"
EndProject
Global
	GlobalSection(SolutionConfigurationPlatforms) = preSolution
		Ad-Hoc|Any CPU = Ad-Hoc|Any CPU
		Ad-Hoc|ARM = Ad-Hoc|ARM
		Ad-Hoc|iPhone = Ad-Hoc|iPhone
		Ad-Hoc|iPhoneSimulator = Ad-Hoc|iPhoneSimulator
		Ad-Hoc|x64 = Ad-Hoc|x64
		Ad-Hoc|x86 = Ad-Hoc|x86
		AppStore|Any CPU = AppStore|Any CPU
		AppStore|ARM = AppStore|ARM
		AppStore|iPhone = AppStore|iPhone
		AppStore|iPhoneSimulator = AppStore|iPhoneSimulator
		AppStore|x64 = AppStore|x64
		AppStore|x86 = AppStore|x86
		Debug|Any CPU = Debug|Any CPU
		Debug|ARM = Debug|ARM
		Debug|iPhone = Debug|iPhone
		Debug|iPhoneSimulator = Debug|iPhoneSimulator
		Debug|x64 = Debug|x64
		Debug|x86 = Debug|x86
		Release|Any CPU = Release|Any CPU
		Release|ARM = Release|ARM
		Release|iPhone = Release|iPhone
		Release|iPhoneSimulator = Release|iPhoneSimulator
		Release|x64 = Release|x64
		Release|x86 = Release|x86
	EndGlobalSection
	GlobalSection(ProjectConfigurationPlatforms) = postSolution
		{E42F8D4A-7772-4F28-B453-CAEFED984C57}.Ad-Hoc|Any CPU.ActiveCfg = Release|Any CPU
		{E42F8D4A-7772-4F28-B453-CAEFED984C57}.Ad-Hoc|Any CPU.Build.0 = Release|Any CPU
		{E42F8D4A-7772-4F28-B453-CAEFED984C57}.Ad-Hoc|ARM.ActiveCfg = Release|Any CPU
		{E42F8D4A-7772-4F28-B453-CAEFED984C57}.Ad-Hoc|ARM.Build.0 = Release|Any CPU
		{E42F8D4A-7772-4F28-B453-CAEFED984C57}.Ad-Hoc|iPhone.ActiveCfg = Release|Any CPU
		{E42F8D4A-7772-4F28-B453-CAEFED984C57}.Ad-Hoc|iPhone.Build.0 = Release|Any CPU
		{E42F8D4A-7772-4F28-B453-CAEFED984C57}.Ad-Hoc|iPhoneSimulator.ActiveCfg = Release|Any CPU
		{E42F8D4A-7772-4F28-B453-CAEFED984C57}.Ad-Hoc|iPhoneSimulator.Build.0 = Release|Any CPU
		{E42F8D4A-7772-4F28-B453-CAEFED984C57}.Ad-Hoc|x64.ActiveCfg = Release|Any CPU
		{E42F8D4A-7772-4F28-B453-CAEFED984C57}.Ad-Hoc|x64.Build.0 = Release|Any CPU
		{E42F8D4A-7772-4F28-B453-CAEFED984C57}.Ad-Hoc|x86.ActiveCfg = Release|Any CPU
		{E42F8D4A-7772-4F28-B453-CAEFED984C57}.Ad-Hoc|x86.Build.0 = Release|Any CPU
		{E42F8D4A-7772-4F28-B453-CAEFED984C57}.AppStore|Any CPU.ActiveCfg = Release|Any CPU
		{E42F8D4A-7772-4F28-B453-CAEFED984C57}.AppStore|Any CPU.Build.0 = Release|Any CPU
		{E42F8D4A-7772-4F28-B453-CAEFED984C57}.AppStore|ARM.ActiveCfg = Release|Any CPU
		{E42F8D4A-7772-4F28-B453-CAEFED984C57}.AppStore|ARM.Build.0 = Release|Any CPU
		{E42F8D4A-7772-4F28-B453-CAEFED984C57}.AppStore|iPhone.ActiveCfg = Release|Any CPU
		{E42F8D4A-7772-4F28-B453-CAEFED984C57}.AppStore|iPhone.Build.0 = Release|Any CPU
		{E42F8D4A-7772-4F28-B453-CAEFED984C57}.AppStore|iPhoneSimulator.ActiveCfg = Release|Any CPU
		{E42F8D4A-7772-4F28-B453-CAEFED984C57}.AppStore|iPhoneSimulator.Build.0 = Release|Any CPU
		{E42F8D4A-7772-4F28-B453-CAEFED984C57}.AppStore|x64.ActiveCfg = Release|Any CPU
		{E42F8D4A-7772-4F28-B453-CAEFED984C57}.AppStore|x64.Build.0 = Release|Any CPU
		{E42F8D4A-7772-4F28-B453-CAEFED984C57}.AppStore|x86.ActiveCfg = Release|Any CPU
		{E42F8D4A-7772-4F28-B453-CAEFED984C57}.AppStore|x86.Build.0 = Release|Any CPU
		{E42F8D4A-7772-4F28-B453-CAEFED984C57}.Debug|Any CPU.ActiveCfg = Debug|Any CPU
		{E42F8D4A-7772-4F28-B453-CAEFED984C57}.Debug|Any CPU.Build.0 = Debug|Any CPU
		{E42F8D4A-7772-4F28-B453-CAEFED984C57}.Debug|ARM.ActiveCfg = Debug|Any CPU
		{E42F8D4A-7772-4F28-B453-CAEFED984C57}.Debug|ARM.Build.0 = Debug|Any CPU
		{E42F8D4A-7772-4F28-B453-CAEFED984C57}.Debug|iPhone.ActiveCfg = Debug|Any CPU
		{E42F8D4A-7772-4F28-B453-CAEFED984C57}.Debug|iPhone.Build.0 = Debug|Any CPU
		{E42F8D4A-7772-4F28-B453-CAEFED984C57}.Debug|iPhoneSimulator.ActiveCfg = Debug|Any CPU
		{E42F8D4A-7772-4F28-B453-CAEFED984C57}.Debug|iPhoneSimulator.Build.0 = Debug|Any CPU
		{E42F8D4A-7772-4F28-B453-CAEFED984C57}.Debug|x64.ActiveCfg = Debug|Any CPU
		{E42F8D4A-7772-4F28-B453-CAEFED984C57}.Debug|x64.Build.0 = Debug|Any CPU
		{E42F8D4A-7772-4F28-B453-CAEFED984C57}.Debug|x86.ActiveCfg = Debug|Any CPU
		{E42F8D4A-7772-4F28-B453-CAEFED984C57}.Debug|x86.Build.0 = Debug|Any CPU
		{E42F8D4A-7772-4F28-B453-CAEFED984C57}.Release|Any CPU.ActiveCfg = Release|Any CPU
		{E42F8D4A-7772-4F28-B453-CAEFED984C57}.Release|Any CPU.Build.0 = Release|Any CPU
		{E42F8D4A-7772-4F28-B453-CAEFED984C57}.Release|ARM.ActiveCfg = Release|Any CPU
		{E42F8D4A-7772-4F28-B453-CAEFED984C57}.Release|ARM.Build.0 = Release|Any CPU
		{E42F8D4A-7772-4F28-B453-CAEFED984C57}.Release|iPhone.ActiveCfg = Release|Any CPU
		{E42F8D4A-7772-4F28-B453-CAEFED984C57}.Release|iPhone.Build.0 = Release|Any CPU
		{E42F8D4A-7772-4F28-B453-CAEFED984C57}.Release|iPhoneSimulator.ActiveCfg = Release|Any CPU
		{E42F8D4A-7772-4F28-B453-CAEFED984C57}.Release|iPhoneSimulator.Build.0 = Release|Any CPU
		{E42F8D4A-7772-4F28-B453-CAEFED984C57}.Release|x64.ActiveCfg = Release|Any CPU
		{E42F8D4A-7772-4F28-B453-CAEFED984C57}.Release|x64.Build.0 = Release|Any CPU
		{E42F8D4A-7772-4F28-B453-CAEFED984C57}.Release|x86.ActiveCfg = Release|Any CPU
		{E42F8D4A-7772-4F28-B453-CAEFED984C57}.Release|x86.Build.0 = Release|Any CPU
		{D162FF6C-9CAC-4ECD-A788-8C7F0E9E0DBD}.Ad-Hoc|Any CPU.ActiveCfg = Release|Any CPU
		{D162FF6C-9CAC-4ECD-A788-8C7F0E9E0DBD}.Ad-Hoc|Any CPU.Build.0 = Release|Any CPU
		{D162FF6C-9CAC-4ECD-A788-8C7F0E9E0DBD}.Ad-Hoc|Any CPU.Deploy.0 = Release|Any CPU
		{D162FF6C-9CAC-4ECD-A788-8C7F0E9E0DBD}.Ad-Hoc|ARM.ActiveCfg = Release|Any CPU
		{D162FF6C-9CAC-4ECD-A788-8C7F0E9E0DBD}.Ad-Hoc|ARM.Build.0 = Release|Any CPU
		{D162FF6C-9CAC-4ECD-A788-8C7F0E9E0DBD}.Ad-Hoc|ARM.Deploy.0 = Release|Any CPU
		{D162FF6C-9CAC-4ECD-A788-8C7F0E9E0DBD}.Ad-Hoc|iPhone.ActiveCfg = Release|Any CPU
		{D162FF6C-9CAC-4ECD-A788-8C7F0E9E0DBD}.Ad-Hoc|iPhone.Build.0 = Release|Any CPU
		{D162FF6C-9CAC-4ECD-A788-8C7F0E9E0DBD}.Ad-Hoc|iPhone.Deploy.0 = Release|Any CPU
		{D162FF6C-9CAC-4ECD-A788-8C7F0E9E0DBD}.Ad-Hoc|iPhoneSimulator.ActiveCfg = Release|Any CPU
		{D162FF6C-9CAC-4ECD-A788-8C7F0E9E0DBD}.Ad-Hoc|iPhoneSimulator.Build.0 = Release|Any CPU
		{D162FF6C-9CAC-4ECD-A788-8C7F0E9E0DBD}.Ad-Hoc|iPhoneSimulator.Deploy.0 = Release|Any CPU
		{D162FF6C-9CAC-4ECD-A788-8C7F0E9E0DBD}.Ad-Hoc|x64.ActiveCfg = Release|Any CPU
		{D162FF6C-9CAC-4ECD-A788-8C7F0E9E0DBD}.Ad-Hoc|x64.Build.0 = Release|Any CPU
		{D162FF6C-9CAC-4ECD-A788-8C7F0E9E0DBD}.Ad-Hoc|x64.Deploy.0 = Release|Any CPU
		{D162FF6C-9CAC-4ECD-A788-8C7F0E9E0DBD}.Ad-Hoc|x86.ActiveCfg = Release|Any CPU
		{D162FF6C-9CAC-4ECD-A788-8C7F0E9E0DBD}.Ad-Hoc|x86.Build.0 = Release|Any CPU
		{D162FF6C-9CAC-4ECD-A788-8C7F0E9E0DBD}.Ad-Hoc|x86.Deploy.0 = Release|Any CPU
		{D162FF6C-9CAC-4ECD-A788-8C7F0E9E0DBD}.AppStore|Any CPU.ActiveCfg = Release|Any CPU
		{D162FF6C-9CAC-4ECD-A788-8C7F0E9E0DBD}.AppStore|Any CPU.Build.0 = Release|Any CPU
		{D162FF6C-9CAC-4ECD-A788-8C7F0E9E0DBD}.AppStore|Any CPU.Deploy.0 = Release|Any CPU
		{D162FF6C-9CAC-4ECD-A788-8C7F0E9E0DBD}.AppStore|ARM.ActiveCfg = Release|Any CPU
		{D162FF6C-9CAC-4ECD-A788-8C7F0E9E0DBD}.AppStore|ARM.Build.0 = Release|Any CPU
		{D162FF6C-9CAC-4ECD-A788-8C7F0E9E0DBD}.AppStore|ARM.Deploy.0 = Release|Any CPU
		{D162FF6C-9CAC-4ECD-A788-8C7F0E9E0DBD}.AppStore|iPhone.ActiveCfg = Release|Any CPU
		{D162FF6C-9CAC-4ECD-A788-8C7F0E9E0DBD}.AppStore|iPhone.Build.0 = Release|Any CPU
		{D162FF6C-9CAC-4ECD-A788-8C7F0E9E0DBD}.AppStore|iPhone.Deploy.0 = Release|Any CPU
		{D162FF6C-9CAC-4ECD-A788-8C7F0E9E0DBD}.AppStore|iPhoneSimulator.ActiveCfg = Release|Any CPU
		{D162FF6C-9CAC-4ECD-A788-8C7F0E9E0DBD}.AppStore|iPhoneSimulator.Build.0 = Release|Any CPU
		{D162FF6C-9CAC-4ECD-A788-8C7F0E9E0DBD}.AppStore|iPhoneSimulator.Deploy.0 = Release|Any CPU
		{D162FF6C-9CAC-4ECD-A788-8C7F0E9E0DBD}.AppStore|x64.ActiveCfg = Release|Any CPU
		{D162FF6C-9CAC-4ECD-A788-8C7F0E9E0DBD}.AppStore|x64.Build.0 = Release|Any CPU
		{D162FF6C-9CAC-4ECD-A788-8C7F0E9E0DBD}.AppStore|x64.Deploy.0 = Release|Any CPU
		{D162FF6C-9CAC-4ECD-A788-8C7F0E9E0DBD}.AppStore|x86.ActiveCfg = Release|Any CPU
		{D162FF6C-9CAC-4ECD-A788-8C7F0E9E0DBD}.AppStore|x86.Build.0 = Release|Any CPU
		{D162FF6C-9CAC-4ECD-A788-8C7F0E9E0DBD}.AppStore|x86.Deploy.0 = Release|Any CPU
		{D162FF6C-9CAC-4ECD-A788-8C7F0E9E0DBD}.Debug|Any CPU.ActiveCfg = Debug|Any CPU
		{D162FF6C-9CAC-4ECD-A788-8C7F0E9E0DBD}.Debug|Any CPU.Build.0 = Debug|Any CPU
		{D162FF6C-9CAC-4ECD-A788-8C7F0E9E0DBD}.Debug|Any CPU.Deploy.0 = Debug|Any CPU
		{D162FF6C-9CAC-4ECD-A788-8C7F0E9E0DBD}.Debug|ARM.ActiveCfg = Debug|Any CPU
		{D162FF6C-9CAC-4ECD-A788-8C7F0E9E0DBD}.Debug|ARM.Build.0 = Debug|Any CPU
		{D162FF6C-9CAC-4ECD-A788-8C7F0E9E0DBD}.Debug|ARM.Deploy.0 = Debug|Any CPU
		{D162FF6C-9CAC-4ECD-A788-8C7F0E9E0DBD}.Debug|iPhone.ActiveCfg = Debug|Any CPU
		{D162FF6C-9CAC-4ECD-A788-8C7F0E9E0DBD}.Debug|iPhone.Build.0 = Debug|Any CPU
		{D162FF6C-9CAC-4ECD-A788-8C7F0E9E0DBD}.Debug|iPhone.Deploy.0 = Debug|Any CPU
		{D162FF6C-9CAC-4ECD-A788-8C7F0E9E0DBD}.Debug|iPhoneSimulator.ActiveCfg = Debug|Any CPU
		{D162FF6C-9CAC-4ECD-A788-8C7F0E9E0DBD}.Debug|iPhoneSimulator.Build.0 = Debug|Any CPU
		{D162FF6C-9CAC-4ECD-A788-8C7F0E9E0DBD}.Debug|iPhoneSimulator.Deploy.0 = Debug|Any CPU
		{D162FF6C-9CAC-4ECD-A788-8C7F0E9E0DBD}.Debug|x64.ActiveCfg = Debug|Any CPU
		{D162FF6C-9CAC-4ECD-A788-8C7F0E9E0DBD}.Debug|x64.Build.0 = Debug|Any CPU
		{D162FF6C-9CAC-4ECD-A788-8C7F0E9E0DBD}.Debug|x64.Deploy.0 = Debug|Any CPU
		{D162FF6C-9CAC-4ECD-A788-8C7F0E9E0DBD}.Debug|x86.ActiveCfg = Debug|Any CPU
		{D162FF6C-9CAC-4ECD-A788-8C7F0E9E0DBD}.Debug|x86.Build.0 = Debug|Any CPU
		{D162FF6C-9CAC-4ECD-A788-8C7F0E9E0DBD}.Debug|x86.Deploy.0 = Debug|Any CPU
		{D162FF6C-9CAC-4ECD-A788-8C7F0E9E0DBD}.Release|Any CPU.ActiveCfg = Release|Any CPU
		{D162FF6C-9CAC-4ECD-A788-8C7F0E9E0DBD}.Release|Any CPU.Build.0 = Release|Any CPU
		{D162FF6C-9CAC-4ECD-A788-8C7F0E9E0DBD}.Release|Any CPU.Deploy.0 = Release|Any CPU
		{D162FF6C-9CAC-4ECD-A788-8C7F0E9E0DBD}.Release|ARM.ActiveCfg = Release|Any CPU
		{D162FF6C-9CAC-4ECD-A788-8C7F0E9E0DBD}.Release|ARM.Build.0 = Release|Any CPU
		{D162FF6C-9CAC-4ECD-A788-8C7F0E9E0DBD}.Release|ARM.Deploy.0 = Release|Any CPU
		{D162FF6C-9CAC-4ECD-A788-8C7F0E9E0DBD}.Release|iPhone.ActiveCfg = Release|Any CPU
		{D162FF6C-9CAC-4ECD-A788-8C7F0E9E0DBD}.Release|iPhone.Build.0 = Release|Any CPU
		{D162FF6C-9CAC-4ECD-A788-8C7F0E9E0DBD}.Release|iPhone.Deploy.0 = Release|Any CPU
		{D162FF6C-9CAC-4ECD-A788-8C7F0E9E0DBD}.Release|iPhoneSimulator.ActiveCfg = Release|Any CPU
		{D162FF6C-9CAC-4ECD-A788-8C7F0E9E0DBD}.Release|iPhoneSimulator.Build.0 = Release|Any CPU
		{D162FF6C-9CAC-4ECD-A788-8C7F0E9E0DBD}.Release|iPhoneSimulator.Deploy.0 = Release|Any CPU
		{D162FF6C-9CAC-4ECD-A788-8C7F0E9E0DBD}.Release|x64.ActiveCfg = Release|Any CPU
		{D162FF6C-9CAC-4ECD-A788-8C7F0E9E0DBD}.Release|x64.Build.0 = Release|Any CPU
		{D162FF6C-9CAC-4ECD-A788-8C7F0E9E0DBD}.Release|x64.Deploy.0 = Release|Any CPU
		{D162FF6C-9CAC-4ECD-A788-8C7F0E9E0DBD}.Release|x86.ActiveCfg = Release|Any CPU
		{D162FF6C-9CAC-4ECD-A788-8C7F0E9E0DBD}.Release|x86.Build.0 = Release|Any CPU
		{D162FF6C-9CAC-4ECD-A788-8C7F0E9E0DBD}.Release|x86.Deploy.0 = Release|Any CPU
		{EA601209-5F3C-4E8B-825C-56E3D04E194A}.Ad-Hoc|Any CPU.ActiveCfg = Ad-Hoc|iPhone
		{EA601209-5F3C-4E8B-825C-56E3D04E194A}.Ad-Hoc|ARM.ActiveCfg = Ad-Hoc|iPhone
		{EA601209-5F3C-4E8B-825C-56E3D04E194A}.Ad-Hoc|iPhone.ActiveCfg = Ad-Hoc|iPhone
		{EA601209-5F3C-4E8B-825C-56E3D04E194A}.Ad-Hoc|iPhone.Build.0 = Ad-Hoc|iPhone
		{EA601209-5F3C-4E8B-825C-56E3D04E194A}.Ad-Hoc|iPhoneSimulator.ActiveCfg = Ad-Hoc|iPhoneSimulator
		{EA601209-5F3C-4E8B-825C-56E3D04E194A}.Ad-Hoc|iPhoneSimulator.Build.0 = Ad-Hoc|iPhoneSimulator
		{EA601209-5F3C-4E8B-825C-56E3D04E194A}.Ad-Hoc|x64.ActiveCfg = Ad-Hoc|iPhone
		{EA601209-5F3C-4E8B-825C-56E3D04E194A}.Ad-Hoc|x86.ActiveCfg = Ad-Hoc|iPhone
		{EA601209-5F3C-4E8B-825C-56E3D04E194A}.AppStore|Any CPU.ActiveCfg = AppStore|iPhone
		{EA601209-5F3C-4E8B-825C-56E3D04E194A}.AppStore|ARM.ActiveCfg = AppStore|iPhone
		{EA601209-5F3C-4E8B-825C-56E3D04E194A}.AppStore|iPhone.ActiveCfg = AppStore|iPhone
		{EA601209-5F3C-4E8B-825C-56E3D04E194A}.AppStore|iPhone.Build.0 = AppStore|iPhone
		{EA601209-5F3C-4E8B-825C-56E3D04E194A}.AppStore|iPhoneSimulator.ActiveCfg = AppStore|iPhoneSimulator
		{EA601209-5F3C-4E8B-825C-56E3D04E194A}.AppStore|iPhoneSimulator.Build.0 = AppStore|iPhoneSimulator
		{EA601209-5F3C-4E8B-825C-56E3D04E194A}.AppStore|x64.ActiveCfg = AppStore|iPhone
		{EA601209-5F3C-4E8B-825C-56E3D04E194A}.AppStore|x86.ActiveCfg = AppStore|iPhone
		{EA601209-5F3C-4E8B-825C-56E3D04E194A}.Debug|Any CPU.ActiveCfg = Debug|iPhone
		{EA601209-5F3C-4E8B-825C-56E3D04E194A}.Debug|ARM.ActiveCfg = Debug|iPhone
		{EA601209-5F3C-4E8B-825C-56E3D04E194A}.Debug|iPhone.ActiveCfg = Debug|iPhone
		{EA601209-5F3C-4E8B-825C-56E3D04E194A}.Debug|iPhone.Build.0 = Debug|iPhone
		{EA601209-5F3C-4E8B-825C-56E3D04E194A}.Debug|iPhoneSimulator.ActiveCfg = Debug|iPhoneSimulator
		{EA601209-5F3C-4E8B-825C-56E3D04E194A}.Debug|iPhoneSimulator.Build.0 = Debug|iPhoneSimulator
		{EA601209-5F3C-4E8B-825C-56E3D04E194A}.Debug|x64.ActiveCfg = Debug|iPhone
		{EA601209-5F3C-4E8B-825C-56E3D04E194A}.Debug|x86.ActiveCfg = Debug|iPhone
		{EA601209-5F3C-4E8B-825C-56E3D04E194A}.Release|Any CPU.ActiveCfg = Release|iPhone
		{EA601209-5F3C-4E8B-825C-56E3D04E194A}.Release|ARM.ActiveCfg = Release|iPhone
		{EA601209-5F3C-4E8B-825C-56E3D04E194A}.Release|iPhone.ActiveCfg = Release|iPhone
		{EA601209-5F3C-4E8B-825C-56E3D04E194A}.Release|iPhone.Build.0 = Release|iPhone
		{EA601209-5F3C-4E8B-825C-56E3D04E194A}.Release|iPhoneSimulator.ActiveCfg = Release|iPhoneSimulator
		{EA601209-5F3C-4E8B-825C-56E3D04E194A}.Release|iPhoneSimulator.Build.0 = Release|iPhoneSimulator
		{EA601209-5F3C-4E8B-825C-56E3D04E194A}.Release|x64.ActiveCfg = Release|iPhone
		{EA601209-5F3C-4E8B-825C-56E3D04E194A}.Release|x86.ActiveCfg = Release|iPhone
		{44448A47-75A3-4533-881D-617428160424}.Ad-Hoc|Any CPU.ActiveCfg = Release|x86
		{44448A47-75A3-4533-881D-617428160424}.Ad-Hoc|Any CPU.Build.0 = Release|x86
		{44448A47-75A3-4533-881D-617428160424}.Ad-Hoc|Any CPU.Deploy.0 = Release|x86
		{44448A47-75A3-4533-881D-617428160424}.Ad-Hoc|ARM.ActiveCfg = Release|ARM
		{44448A47-75A3-4533-881D-617428160424}.Ad-Hoc|ARM.Build.0 = Release|ARM
		{44448A47-75A3-4533-881D-617428160424}.Ad-Hoc|ARM.Deploy.0 = Release|ARM
		{44448A47-75A3-4533-881D-617428160424}.Ad-Hoc|iPhone.ActiveCfg = Release|x86
		{44448A47-75A3-4533-881D-617428160424}.Ad-Hoc|iPhone.Build.0 = Release|x86
		{44448A47-75A3-4533-881D-617428160424}.Ad-Hoc|iPhone.Deploy.0 = Release|x86
		{44448A47-75A3-4533-881D-617428160424}.Ad-Hoc|iPhoneSimulator.ActiveCfg = Release|x86
		{44448A47-75A3-4533-881D-617428160424}.Ad-Hoc|iPhoneSimulator.Build.0 = Release|x86
		{44448A47-75A3-4533-881D-617428160424}.Ad-Hoc|iPhoneSimulator.Deploy.0 = Release|x86
		{44448A47-75A3-4533-881D-617428160424}.Ad-Hoc|x64.ActiveCfg = Release|x64
		{44448A47-75A3-4533-881D-617428160424}.Ad-Hoc|x64.Build.0 = Release|x64
		{44448A47-75A3-4533-881D-617428160424}.Ad-Hoc|x64.Deploy.0 = Release|x64
		{44448A47-75A3-4533-881D-617428160424}.Ad-Hoc|x86.ActiveCfg = Release|x86
		{44448A47-75A3-4533-881D-617428160424}.Ad-Hoc|x86.Build.0 = Release|x86
		{44448A47-75A3-4533-881D-617428160424}.Ad-Hoc|x86.Deploy.0 = Release|x86
		{44448A47-75A3-4533-881D-617428160424}.AppStore|Any CPU.ActiveCfg = Release|x86
		{44448A47-75A3-4533-881D-617428160424}.AppStore|Any CPU.Build.0 = Release|x86
		{44448A47-75A3-4533-881D-617428160424}.AppStore|Any CPU.Deploy.0 = Release|x86
		{44448A47-75A3-4533-881D-617428160424}.AppStore|ARM.ActiveCfg = Release|ARM
		{44448A47-75A3-4533-881D-617428160424}.AppStore|ARM.Build.0 = Release|ARM
		{44448A47-75A3-4533-881D-617428160424}.AppStore|ARM.Deploy.0 = Release|ARM
		{44448A47-75A3-4533-881D-617428160424}.AppStore|iPhone.ActiveCfg = Release|x86
		{44448A47-75A3-4533-881D-617428160424}.AppStore|iPhone.Build.0 = Release|x86
		{44448A47-75A3-4533-881D-617428160424}.AppStore|iPhone.Deploy.0 = Release|x86
		{44448A47-75A3-4533-881D-617428160424}.AppStore|iPhoneSimulator.ActiveCfg = Release|x86
		{44448A47-75A3-4533-881D-617428160424}.AppStore|iPhoneSimulator.Build.0 = Release|x86
		{44448A47-75A3-4533-881D-617428160424}.AppStore|iPhoneSimulator.Deploy.0 = Release|x86
		{44448A47-75A3-4533-881D-617428160424}.AppStore|x64.ActiveCfg = Release|x64
		{44448A47-75A3-4533-881D-617428160424}.AppStore|x64.Build.0 = Release|x64
		{44448A47-75A3-4533-881D-617428160424}.AppStore|x64.Deploy.0 = Release|x64
		{44448A47-75A3-4533-881D-617428160424}.AppStore|x86.ActiveCfg = Release|x86
		{44448A47-75A3-4533-881D-617428160424}.AppStore|x86.Build.0 = Release|x86
		{44448A47-75A3-4533-881D-617428160424}.AppStore|x86.Deploy.0 = Release|x86
		{44448A47-75A3-4533-881D-617428160424}.Debug|Any CPU.ActiveCfg = Debug|x86
		{44448A47-75A3-4533-881D-617428160424}.Debug|ARM.ActiveCfg = Debug|ARM
		{44448A47-75A3-4533-881D-617428160424}.Debug|ARM.Build.0 = Debug|ARM
		{44448A47-75A3-4533-881D-617428160424}.Debug|ARM.Deploy.0 = Debug|ARM
		{44448A47-75A3-4533-881D-617428160424}.Debug|iPhone.ActiveCfg = Debug|x86
		{44448A47-75A3-4533-881D-617428160424}.Debug|iPhoneSimulator.ActiveCfg = Debug|x86
		{44448A47-75A3-4533-881D-617428160424}.Debug|x64.ActiveCfg = Debug|x64
		{44448A47-75A3-4533-881D-617428160424}.Debug|x64.Build.0 = Debug|x64
		{44448A47-75A3-4533-881D-617428160424}.Debug|x64.Deploy.0 = Debug|x64
		{44448A47-75A3-4533-881D-617428160424}.Debug|x86.ActiveCfg = Debug|x86
		{44448A47-75A3-4533-881D-617428160424}.Debug|x86.Build.0 = Debug|x86
		{44448A47-75A3-4533-881D-617428160424}.Debug|x86.Deploy.0 = Debug|x86
		{44448A47-75A3-4533-881D-617428160424}.Release|Any CPU.ActiveCfg = Release|x86
		{44448A47-75A3-4533-881D-617428160424}.Release|ARM.ActiveCfg = Release|ARM
		{44448A47-75A3-4533-881D-617428160424}.Release|ARM.Build.0 = Release|ARM
		{44448A47-75A3-4533-881D-617428160424}.Release|ARM.Deploy.0 = Release|ARM
		{44448A47-75A3-4533-881D-617428160424}.Release|iPhone.ActiveCfg = Release|x86
		{44448A47-75A3-4533-881D-617428160424}.Release|iPhoneSimulator.ActiveCfg = Release|x86
		{44448A47-75A3-4533-881D-617428160424}.Release|x64.ActiveCfg = Release|x64
		{44448A47-75A3-4533-881D-617428160424}.Release|x64.Build.0 = Release|x64
		{44448A47-75A3-4533-881D-617428160424}.Release|x64.Deploy.0 = Release|x64
		{44448A47-75A3-4533-881D-617428160424}.Release|x86.ActiveCfg = Release|x86
		{44448A47-75A3-4533-881D-617428160424}.Release|x86.Build.0 = Release|x86
		{44448A47-75A3-4533-881D-617428160424}.Release|x86.Deploy.0 = Release|x86
		{3987521D-B30B-4507-AE36-94316511F3DC}.Ad-Hoc|Any CPU.ActiveCfg = Debug|Any CPU
		{3987521D-B30B-4507-AE36-94316511F3DC}.Ad-Hoc|Any CPU.Build.0 = Debug|Any CPU
		{3987521D-B30B-4507-AE36-94316511F3DC}.Ad-Hoc|ARM.ActiveCfg = Debug|Any CPU
		{3987521D-B30B-4507-AE36-94316511F3DC}.Ad-Hoc|ARM.Build.0 = Debug|Any CPU
		{3987521D-B30B-4507-AE36-94316511F3DC}.Ad-Hoc|iPhone.ActiveCfg = Debug|Any CPU
		{3987521D-B30B-4507-AE36-94316511F3DC}.Ad-Hoc|iPhone.Build.0 = Debug|Any CPU
		{3987521D-B30B-4507-AE36-94316511F3DC}.Ad-Hoc|iPhoneSimulator.ActiveCfg = Debug|Any CPU
		{3987521D-B30B-4507-AE36-94316511F3DC}.Ad-Hoc|iPhoneSimulator.Build.0 = Debug|Any CPU
		{3987521D-B30B-4507-AE36-94316511F3DC}.Ad-Hoc|x64.ActiveCfg = Debug|Any CPU
		{3987521D-B30B-4507-AE36-94316511F3DC}.Ad-Hoc|x64.Build.0 = Debug|Any CPU
		{3987521D-B30B-4507-AE36-94316511F3DC}.Ad-Hoc|x86.ActiveCfg = Debug|Any CPU
		{3987521D-B30B-4507-AE36-94316511F3DC}.Ad-Hoc|x86.Build.0 = Debug|Any CPU
		{3987521D-B30B-4507-AE36-94316511F3DC}.AppStore|Any CPU.ActiveCfg = Debug|Any CPU
		{3987521D-B30B-4507-AE36-94316511F3DC}.AppStore|Any CPU.Build.0 = Debug|Any CPU
		{3987521D-B30B-4507-AE36-94316511F3DC}.AppStore|ARM.ActiveCfg = Debug|Any CPU
		{3987521D-B30B-4507-AE36-94316511F3DC}.AppStore|ARM.Build.0 = Debug|Any CPU
		{3987521D-B30B-4507-AE36-94316511F3DC}.AppStore|iPhone.ActiveCfg = Debug|Any CPU
		{3987521D-B30B-4507-AE36-94316511F3DC}.AppStore|iPhone.Build.0 = Debug|Any CPU
		{3987521D-B30B-4507-AE36-94316511F3DC}.AppStore|iPhoneSimulator.ActiveCfg = Debug|Any CPU
		{3987521D-B30B-4507-AE36-94316511F3DC}.AppStore|iPhoneSimulator.Build.0 = Debug|Any CPU
		{3987521D-B30B-4507-AE36-94316511F3DC}.AppStore|x64.ActiveCfg = Debug|Any CPU
		{3987521D-B30B-4507-AE36-94316511F3DC}.AppStore|x64.Build.0 = Debug|Any CPU
		{3987521D-B30B-4507-AE36-94316511F3DC}.AppStore|x86.ActiveCfg = Debug|Any CPU
		{3987521D-B30B-4507-AE36-94316511F3DC}.AppStore|x86.Build.0 = Debug|Any CPU
		{3987521D-B30B-4507-AE36-94316511F3DC}.Debug|Any CPU.ActiveCfg = Debug|Any CPU
		{3987521D-B30B-4507-AE36-94316511F3DC}.Debug|Any CPU.Build.0 = Debug|Any CPU
		{3987521D-B30B-4507-AE36-94316511F3DC}.Debug|ARM.ActiveCfg = Debug|Any CPU
		{3987521D-B30B-4507-AE36-94316511F3DC}.Debug|ARM.Build.0 = Debug|Any CPU
		{3987521D-B30B-4507-AE36-94316511F3DC}.Debug|iPhone.ActiveCfg = Debug|Any CPU
		{3987521D-B30B-4507-AE36-94316511F3DC}.Debug|iPhone.Build.0 = Debug|Any CPU
		{3987521D-B30B-4507-AE36-94316511F3DC}.Debug|iPhoneSimulator.ActiveCfg = Debug|Any CPU
		{3987521D-B30B-4507-AE36-94316511F3DC}.Debug|iPhoneSimulator.Build.0 = Debug|Any CPU
		{3987521D-B30B-4507-AE36-94316511F3DC}.Debug|x64.ActiveCfg = Debug|Any CPU
		{3987521D-B30B-4507-AE36-94316511F3DC}.Debug|x64.Build.0 = Debug|Any CPU
		{3987521D-B30B-4507-AE36-94316511F3DC}.Debug|x86.ActiveCfg = Debug|Any CPU
		{3987521D-B30B-4507-AE36-94316511F3DC}.Debug|x86.Build.0 = Debug|Any CPU
		{3987521D-B30B-4507-AE36-94316511F3DC}.Release|Any CPU.ActiveCfg = Release|Any CPU
		{3987521D-B30B-4507-AE36-94316511F3DC}.Release|Any CPU.Build.0 = Release|Any CPU
		{3987521D-B30B-4507-AE36-94316511F3DC}.Release|ARM.ActiveCfg = Release|Any CPU
		{3987521D-B30B-4507-AE36-94316511F3DC}.Release|ARM.Build.0 = Release|Any CPU
		{3987521D-B30B-4507-AE36-94316511F3DC}.Release|iPhone.ActiveCfg = Release|Any CPU
		{3987521D-B30B-4507-AE36-94316511F3DC}.Release|iPhone.Build.0 = Release|Any CPU
		{3987521D-B30B-4507-AE36-94316511F3DC}.Release|iPhoneSimulator.ActiveCfg = Release|Any CPU
		{3987521D-B30B-4507-AE36-94316511F3DC}.Release|iPhoneSimulator.Build.0 = Release|Any CPU
		{3987521D-B30B-4507-AE36-94316511F3DC}.Release|x64.ActiveCfg = Release|Any CPU
		{3987521D-B30B-4507-AE36-94316511F3DC}.Release|x64.Build.0 = Release|Any CPU
		{3987521D-B30B-4507-AE36-94316511F3DC}.Release|x86.ActiveCfg = Release|Any CPU
		{3987521D-B30B-4507-AE36-94316511F3DC}.Release|x86.Build.0 = Release|Any CPU
	EndGlobalSection
	GlobalSection(SolutionProperties) = preSolution
		HideSolutionNode = FALSE
	EndGlobalSection
	GlobalSection(ExtensibilityGlobals) = postSolution
		SolutionGuid = {7B63A4FF-128F-424C-8C72-C5A861E35E00}
	EndGlobalSection
EndGlobal
